
Microsoft Visual Studio Solution File, Format Version 12.00
# Visual Studio Version 16
VisualStudioVersion = 16.0.29911.84
MinimumVisualStudioVersion = 10.0.40219.1
Project("{FAE04EC0-301F-11D3-BF4B-00C04F79EFBC}") = "Polybius_Şifreleme", "Polybius_Şifreleme\Polybius_Şifreleme.csproj", "{5F6BD5F9-5016-4EB8-95FD-8D9022E8EA70}"
EndProject
Global
	GlobalSection(SolutionConfigurationPlatforms) = preSolution
		Debug|Any CPU = Debug|Any CPU
		Release|Any CPU = Release|Any CPU
	EndGlobalSection
	GlobalSection(ProjectConfigurationPlatforms) = postSolution
		{5F6BD5F9-5016-4EB8-95FD-8D9022E8EA70}.Debug|Any CPU.ActiveCfg = Debug|Any CPU
		{5F6BD5F9-5016-4EB8-95FD-8D9022E8EA70}.Debug|Any CPU.Build.0 = Debug|Any CPU
		{5F6BD5F9-5016-4EB8-95FD-8D9022E8EA70}.Release|Any CPU.ActiveCfg = Release|Any CPU
		{5F6BD5F9-5016-4EB8-95FD-8D9022E8EA70}.Release|Any CPU.Build.0 = Release|Any CPU
	EndGlobalSection
	GlobalSection(SolutionProperties) = preSolution
		HideSolutionNode = FALSE
	EndGlobalSection
	GlobalSection(ExtensibilityGlobals) = postSolution
		SolutionGuid = {05C0D99F-C3AE-425D-A622-4718EDC63747}
	EndGlobalSection
EndGlobal
